
Microsoft Visual Studio Solution File, Format Version 10.00
# Visual Studio 2008
Project("{FAE04EC0-301F-11D3-BF4B-00C04F79EFBC}") = "MMDBCore", "MMDBCore.csproj", "{777D065F-B42E-420C-A04B-CA47C0982C85}"
EndProject
Global
	GlobalSection(VaultVsipSolution-v2) = preSolution
		VaultHost = http://www.mooneysolutions.com/vault/vaultservice
		VaultRepositoryID = 2
		VaultRepositoryGUID = 1549a680-3683-4861-bad6-2319b93dac1c
		ProjectCount = 1
		ProjectRelativeDiskPath1 = MMDBCore.csproj
	EndGlobalSection
	GlobalSection(SolutionConfigurationPlatforms) = preSolution
		Debug|Any CPU = Debug|Any CPU
		Release|Any CPU = Release|Any CPU
	EndGlobalSection
	GlobalSection(ProjectConfigurationPlatforms) = postSolution
		{777D065F-B42E-420C-A04B-CA47C0982C85}.Debug|Any CPU.ActiveCfg = Debug|Any CPU
		{777D065F-B42E-420C-A04B-CA47C0982C85}.Debug|Any CPU.Build.0 = Debug|Any CPU
		{777D065F-B42E-420C-A04B-CA47C0982C85}.Release|Any CPU.ActiveCfg = Release|Any CPU
		{777D065F-B42E-420C-A04B-CA47C0982C85}.Release|Any CPU.Build.0 = Release|Any CPU
	EndGlobalSection
	GlobalSection(SolutionProperties) = preSolution
		HideSolutionNode = FALSE
	EndGlobalSection
EndGlobal
